
Microsoft Visual Studio Solution File, Format Version 12.00
# Visual Studio 15
VisualStudioVersion = 15.0.28307.1169
MinimumVisualStudioVersion = 10.0.40219.1
Project("{8BC9CEB8-8B4A-11D0-8D11-00A0C91BC942}") = "baitap", "baitap\baitap.vcxproj", "{214CAB25-DD5C-4C57-B6CC-751C0ABDE580}"
EndProject
Global
	GlobalSection(SolutionConfigurationPlatforms) = preSolution
		Debug|x64 = Debug|x64
		Debug|x86 = Debug|x86
		Release|x64 = Release|x64
		Release|x86 = Release|x86
	EndGlobalSection
	GlobalSection(ProjectConfigurationPlatforms) = postSolution
		{214CAB25-DD5C-4C57-B6CC-751C0ABDE580}.Debug|x64.ActiveCfg = Debug|x64
		{214CAB25-DD5C-4C57-B6CC-751C0ABDE580}.Debug|x64.Build.0 = Debug|x64
		{214CAB25-DD5C-4C57-B6CC-751C0ABDE580}.Debug|x86.ActiveCfg = Debug|Win32
		{214CAB25-DD5C-4C57-B6CC-751C0ABDE580}.Debug|x86.Build.0 = Debug|Win32
		{214CAB25-DD5C-4C57-B6CC-751C0ABDE580}.Release|x64.ActiveCfg = Release|x64
		{214CAB25-DD5C-4C57-B6CC-751C0ABDE580}.Release|x64.Build.0 = Release|x64
		{214CAB25-DD5C-4C57-B6CC-751C0ABDE580}.Release|x86.ActiveCfg = Release|Win32
		{214CAB25-DD5C-4C57-B6CC-751C0ABDE580}.Release|x86.Build.0 = Release|Win32
	EndGlobalSection
	GlobalSection(SolutionProperties) = preSolution
		HideSolutionNode = FALSE
	EndGlobalSection
	GlobalSection(ExtensibilityGlobals) = postSolution
		SolutionGuid = {1D3E2F9C-1A9F-4D21-8B77-7EC24F1E7D4B}
	EndGlobalSection
EndGlobal
